// !$*UTF8*$!
{
	archiveVersion = 1;
	classes = {
	};
	objectVersion = 46;
	objects = {

/* Begin PBXBuildFile section */
		18909AFE1F024B6800829437 /* main.m in Sources */ = {isa = PBXBuildFile; fileRef = 18909AFD1F024B6800829437 /* main.m */; };
		18909B011F024B6800829437 /* AppDelegate.m in Sources */ = {isa = PBXBuildFile; fileRef = 18909B001F024B6800829437 /* AppDelegate.m */; };
		18909B041F024B6800829437 /* ViewController.m in Sources */ = {isa = PBXBuildFile; fileRef = 18909B031F024B6800829437 /* ViewController.m */; };
		18909B071F024B6800829437 /* Main.storyboard in Resources */ = {isa = PBXBuildFile; fileRef = 18909B051F024B6800829437 /* Main.storyboard */; };
		18909B091F024B6800829437 /* Assets.xcassets in Resources */ = {isa = PBXBuildFile; fileRef = 18909B081F024B6800829437 /* Assets.xcassets */; };
		18909B0C1F024B6800829437 /* LaunchScreen.storyboard in Resources */ = {isa = PBXBuildFile; fileRef = 18909B0A1F024B6800829437 /* LaunchScreen.storyboard */; };
		18909B171F024B6800829437 /* UnderlineBtnDemoTests.m in Sources */ = {isa = PBXBuildFile; fileRef = 18909B161F024B6800829437 /* UnderlineBtnDemoTests.m */; };
		18909B221F024B6800829437 /* UnderlineBtnDemoUITests.m in Sources */ = {isa = PBXBuildFile; fileRef = 18909B211F024B6800829437 /* UnderlineBtnDemoUITests.m */; };
/* End PBXBuildFile section */

/* Begin PBXContainerItemProxy section */
		18909B131F024B6800829437 /* PBXContainerItemProxy */ = {
			isa = PBXContainerItemProxy;
			containerPortal = 18909AF11F024B6800829437 /* Project object */;
			proxyType = 1;
			remoteGlobalIDString = 18909AF81F024B6800829437;
			remoteInfo = UnderlineBtnDemo;
		};
		18909B1E1F024B6800829437 /* PBXContainerItemProxy */ = {
			isa = PBXContainerItemProxy;
			containerPortal = 18909AF11F024B6800829437 /* Project object */;
			proxyType = 1;
			remoteGlobalIDString = 18909AF81F024B6800829437;
			remoteInfo = UnderlineBtnDemo;
		};
/* End PBXContainerItemProxy section */

/* Begin PBXFileReference section */
		18909AF91F024B6800829437 /* UnderlineBtnDemo.app */ = {isa = PBXFileReference; explicitFileType = wrapper.application; includeInIndex = 0; path = UnderlineBtnDemo.app; sourceTree = BUILT_PRODUCTS_DIR; };
		18909AFD1F024B6800829437 /* main.m */ = {isa = PBXFileReference; lastKnownFileType = sourcecode.c.objc; path = main.m; sourceTree = "<group>"; };
		18909AFF1F024B6800829437 /* AppDelegate.h */ = {isa = PBXFileReference; lastKnownFileType = sourcecode.c.h; path = AppDelegate.h; sourceTree = "<group>"; };
		18909B001F024B6800829437 /* AppDelegate.m */ = {isa = PBXFileReference; lastKnownFileType = sourcecode.c.objc; path = AppDelegate.m; sourceTree = "<group>"; };
		18909B021F024B6800829437 /* ViewController.h */ = {isa = PBXFileReference; lastKnownFileType = sourcecode.c.h; path = ViewController.h; sourceTree = "<group>"; };
		18909B031F024B6800829437 /* ViewController.m */ = {isa = PBXFileReference; lastKnownFileType = sourcecode.c.objc; path = ViewController.m; sourceTree = "<group>"; };
		18909B061F024B6800829437 /* Base */ = {isa = PBXFileReference; lastKnownFileType = file.storyboard; name = Base; path = Base.lproj/Main.storyboard; sourceTree = "<group>"; };
		18909B081F024B6800829437 /* Assets.xcassets */ = {isa = PBXFileReference; lastKnownFileType = folder.assetcatalog; path = Assets.xcassets; sourceTree = "<group>"; };
		18909B0B1F024B6800829437 /* Base */ = {isa = PBXFileReference; lastKnownFileType = file.storyboard; name = Base; path = Base.lproj/LaunchScreen.storyboard; sourceTree = "<group>"; };
		18909B0D1F024B6800829437 /* Info.plist */ = {isa = PBXFileReference; lastKnownFileType = text.plist.xml; path = Info.plist; sourceTree = "<group>"; };
		18909B121F024B6800829437 /* UnderlineBtnDemoTests.xctest */ = {isa = PBXFileReference; explicitFileType = wrapper.cfbundle; includeInIndex = 0; path = UnderlineBtnDemoTests.xctest; sourceTree = BUILT_PRODUCTS_DIR; };
		18909B161F024B6800829437 /* UnderlineBtnDemoTests.m */ = {isa = PBXFileReference; lastKnownFileType = sourcecode.c.objc; path = UnderlineBtnDemoTests.m; sourceTree = "<group>"; };
		18909B181F024B6800829437 /* Info.plist */ = {isa = PBXFileReference; lastKnownFileType = text.plist.xml; path = Info.plist; sourceTree = "<group>"; };
		18909B1D1F024B6800829437 /* UnderlineBtnDemoUITests.xctest */ = {isa = PBXFileReference; explicitFileType = wrapper.cfbundle; includeInIndex = 0; path = UnderlineBtnDemoUITests.xctest; sourceTree = BUILT_PRODUCTS_DIR; };
		18909B211F024B6800829437 /* UnderlineBtnDemoUITests.m */ = {isa = PBXFileReference; lastKnownFileType = sourcecode.c.objc; path = UnderlineBtnDemoUITests.m; sourceTree = "<group>"; };
		18909B231F024B6800829437 /* Info.plist */ = {isa = PBXFileReference; lastKnownFileType = text.plist.xml; path = Info.plist; sourceTree = "<group>"; };
/* End PBXFileReference section */

/* Begin PBXFrameworksBuildPhase section */
		18909AF61F024B6800829437 /* Frameworks */ = {
			isa = PBXFrameworksBuildPhase;
			buildActionMask = 2147483647;
			files = (
			);
			runOnlyForDeploymentPostprocessing = 0;
		};
		18909B0F1F024B6800829437 /* Frameworks */ = {
			isa = PBXFrameworksBuildPhase;
			buildActionMask = 2147483647;
			files = (
			);
			runOnlyForDeploymentPostprocessing = 0;
		};
		18909B1A1F024B6800829437 /* Frameworks */ = {
			isa = PBXFrameworksBuildPhase;
			buildActionMask = 2147483647;
			files = (
			);
			runOnlyForDeploymentPostprocessing = 0;
		};
/* End PBXFrameworksBuildPhase section */

/* Begin PBXGroup section */
		18909AF01F024B6800829437 = {
			isa = PBXGroup;
			children = (
				18909AFB1F024B6800829437 /* UnderlineBtnDemo */,
				18909B151F024B6800829437 /* UnderlineBtnDemoTests */,
				18909B201F024B6800829437 /* UnderlineBtnDemoUITests */,
				18909AFA1F024B6800829437 /* Products */,
			);
			sourceTree = "<group>";
		};
		18909AFA1F024B6800829437 /* Products */ = {
			isa = PBXGroup;
			children = (
				18909AF91F024B6800829437 /* UnderlineBtnDemo.app */,
				18909B121F024B6800829437 /* UnderlineBtnDemoTests.xctest */,
				18909B1D1F024B6800829437 /* UnderlineBtnDemoUITests.xctest */,
			);
			name = Products;
			sourceTree = "<group>";
		};
		18909AFB1F024B6800829437 /* UnderlineBtnDemo */ = {
			isa = PBXGroup;
			children = (
				18909AFF1F024B6800829437 /* AppDelegate.h */,
				18909B001F024B6800829437 /* AppDelegate.m */,
				18909B021F024B6800829437 /* ViewController.h */,
				18909B031F024B6800829437 /* ViewController.m */,
				18909B051F024B6800829437 /* Main.storyboard */,
				18909B081F024B6800829437 /* Assets.xcassets */,
				18909B0A1F024B6800829437 /* LaunchScreen.storyboard */,
				18909B0D1F024B6800829437 /* Info.plist */,
				18909AFC1F024B6800829437 /* Supporting Files */,
			);
			path = UnderlineBtnDemo;
			sourceTree = "<group>";
		};
		18909AFC1F024B6800829437 /* Supporting Files */ = {
			isa = PBXGroup;
			children = (
				18909AFD1F024B6800829437 /* main.m */,
			);
			name = "Supporting Files";
			sourceTree = "<group>";
		};
		18909B151F024B6800829437 /* UnderlineBtnDemoTests */ = {
			isa = PBXGroup;
			children = (
				18909B161F024B6800829437 /* UnderlineBtnDemoTests.m */,
				18909B181F024B6800829437 /* Info.plist */,
			);
			path = UnderlineBtnDemoTests;
			sourceTree = "<group>";
		};
		18909B201F024B6800829437 /* UnderlineBtnDemoUITests */ = {
			isa = PBXGroup;
			children = (
				18909B211F024B6800829437 /* UnderlineBtnDemoUITests.m */,
				18909B231F024B6800829437 /* Info.plist */,
			);
			path = UnderlineBtnDemoUITests;
			sourceTree = "<group>";
		};
/* End PBXGroup section */

/* Begin PBXNativeTarget section */
		18909AF81F024B6800829437 /* UnderlineBtnDemo */ = {
			isa = PBXNativeTarget;
			buildConfigurationList = 18909B261F024B6800829437 /* Build configuration list for PBXNativeTarget "UnderlineBtnDemo" */;
			buildPhases = (
				18909AF51F024B6800829437 /* Sources */,
				18909AF61F024B6800829437 /* Frameworks */,
				18909AF71F024B6800829437 /* Resources */,
			);
			buildRules = (
			);
			dependencies = (
			);
			name = UnderlineBtnDemo;
			productName = UnderlineBtnDemo;
			productReference = 18909AF91F024B6800829437 /* UnderlineBtnDemo.app */;
			productType = "com.apple.product-type.application";
		};
		18909B111F024B6800829437 /* UnderlineBtnDemoTests */ = {
			isa = PBXNativeTarget;
			buildConfigurationList = 18909B291F024B6800829437 /* Build configuration list for PBXNativeTarget "UnderlineBtnDemoTests" */;
			buildPhases = (
				18909B0E1F024B6800829437 /* Sources */,
				18909B0F1F024B6800829437 /* Frameworks */,
				18909B101F024B6800829437 /* Resources */,
			);
			buildRules = (
			);
			dependencies = (
				18909B141F024B6800829437 /* PBXTargetDependency */,
			);
			name = UnderlineBtnDemoTests;
			productName = UnderlineBtnDemoTests;
			productReference = 18909B121F024B6800829437 /* UnderlineBtnDemoTests.xctest */;
			productType = "com.apple.product-type.bundle.unit-test";
		};
		18909B1C1F024B6800829437 /* UnderlineBtnDemoUITests */ = {
			isa = PBXNativeTarget;
			buildConfigurationList = 18909B2C1F024B6800829437 /* Build configuration list for PBXNativeTarget "UnderlineBtnDemoUITests" */;
			buildPhases = (
				18909B191F024B6800829437 /* Sources */,
				18909B1A1F024B6800829437 /* Frameworks */,
				18909B1B1F024B6800829437 /* Resources */,
			);
			buildRules = (
			);
			dependencies = (
				18909B1F1F024B6800829437 /* PBXTargetDependency */,
			);
			name = UnderlineBtnDemoUITests;
			productName = UnderlineBtnDemoUITests;
			productReference = 18909B1D1F024B6800829437 /* UnderlineBtnDemoUITests.xctest */;
			productType = "com.apple.product-type.bundle.ui-testing";
		};
/* End PBXNativeTarget section */

/* Begin PBXProject section */
		18909AF11F024B6800829437 /* Project object */ = {
			isa = PBXProject;
			attributes = {
				LastUpgradeCheck = 0830;
				ORGANIZATIONNAME = 166;
				TargetAttributes = {
					18909AF81F024B6800829437 = {
						CreatedOnToolsVersion = 8.3.3;
						DevelopmentTeam = MXDYQ6NL8N;
						ProvisioningStyle = Automatic;
					};
					18909B111F024B6800829437 = {
						CreatedOnToolsVersion = 8.3.3;
						DevelopmentTeam = MXDYQ6NL8N;
						ProvisioningStyle = Automatic;
						TestTargetID = 18909AF81F024B6800829437;
					};
					18909B1C1F024B6800829437 = {
						CreatedOnToolsVersion = 8.3.3;
						DevelopmentTeam = MXDYQ6NL8N;
						ProvisioningStyle = Automatic;
						TestTargetID = 18909AF81F024B6800829437;
					};
				};
			};
			buildConfigurationList = 18909AF41F024B6800829437 /* Build configuration list for PBXProject "UnderlineBtnDemo" */;
			compatibilityVersion = "Xcode 3.2";
			developmentRegion = English;
			hasScannedForEncodings = 0;
			knownRegions = (
				en,
				Base,
			);
			mainGroup = 18909AF01F024B6800829437;
			productRefGroup = 18909AFA1F024B6800829437 /* Products */;
			projectDirPath = "";
			projectRoot = "";
			targets = (
				18909AF81F024B6800829437 /* UnderlineBtnDemo */,
				18909B111F024B6800829437 /* UnderlineBtnDemoTests */,
				18909B1C1F024B6800829437 /* UnderlineBtnDemoUITests */,
			);
		};
/* End PBXProject section */

/* Begin PBXResourcesBuildPhase section */
		18909AF71F024B6800829437 /* Resources */ = {
			isa = PBXResourcesBuildPhase;
			buildActionMask = 2147483647;
			files = (
				18909B0C1F024B6800829437 /* LaunchScreen.storyboard in Resources */,
				18909B091F024B6800829437 /* Assets.xcassets in Resources */,
				18909B071F024B6800829437 /* Main.storyboard in Resources */,
			);
			runOnlyForDeploymentPostprocessing = 0;
		};
		18909B101F024B6800829437 /* Resources */ = {
			isa = PBXResourcesBuildPhase;
			buildActionMask = 2147483647;
			files = (
			);
			runOnlyForDeploymentPostprocessing = 0;
		};
		18909B1B1F024B6800829437 /* Resources */ = {
			isa = PBXResourcesBuildPhase;
			buildActionMask = 2147483647;
			files = (
			);
			runOnlyForDeploymentPostprocessing = 0;
		};
/* End PBXResourcesBuildPhase section */

/* Begin PBXSourcesBuildPhase section */
		18909AF51F024B6800829437 /* Sources */ = {
			isa = PBXSourcesBuildPhase;
			buildActionMask = 2147483647;
			files = (
				18909B041F024B6800829437 /* ViewController.m in Sources */,
				18909B011F024B6800829437 /* AppDelegate.m in Sources */,
				18909AFE1F024B6800829437 /* main.m in Sources */,
			);
			runOnlyForDeploymentPostprocessing = 0;
		};
		18909B0E1F024B6800829437 /* Sources */ = {
			isa = PBXSourcesBuildPhase;
			buildActionMask = 2147483647;
			files = (
				18909B171F024B6800829437 /* UnderlineBtnDemoTests.m in Sources */,
			);
			runOnlyForDeploymentPostprocessing = 0;
		};
		18909B191F024B6800829437 /* Sources */ = {
			isa = PBXSourcesBuildPhase;
			buildActionMask = 2147483647;
			files = (
				18909B221F024B6800829437 /* UnderlineBtnDemoUITests.m in Sources */,
			);
			runOnlyForDeploymentPostprocessing = 0;
		};
/* End PBXSourcesBuildPhase section */

/* Begin PBXTargetDependency section */
		18909B141F024B6800829437 /* PBXTargetDependency */ = {
			isa = PBXTargetDependency;
			target = 18909AF81F024B6800829437 /* UnderlineBtnDemo */;
			targetProxy = 18909B131F024B6800829437 /* PBXContainerItemProxy */;
		};
		18909B1F1F024B6800829437 /* PBXTargetDependency */ = {
			isa = PBXTargetDependency;
			target = 18909AF81F024B6800829437 /* UnderlineBtnDemo */;
			targetProxy = 18909B1E1F024B6800829437 /* PBXContainerItemProxy */;
		};
/* End PBXTargetDependency section */

/* Begin PBXVariantGroup section */
		18909B051F024B6800829437 /* Main.storyboard */ = {
			isa = PBXVariantGroup;
			children = (
				18909B061F024B6800829437 /* Base */,
			);
			name = Main.storyboard;
			sourceTree = "<group>";
		};
		18909B0A1F024B6800829437 /* LaunchScreen.storyboard */ = {
			isa = PBXVariantGroup;
			children = (
				18909B0B1F024B6800829437 /* Base */,
			);
			name = LaunchScreen.storyboard;
			sourceTree = "<group>";
		};
/* End PBXVariantGroup section */

/* Begin XCBuildConfiguration section */
		18909B241F024B6800829437 /* Debug */ = {
			isa = XCBuildConfiguration;
			buildSettings = {
				ALWAYS_SEARCH_USER_PATHS = NO;
				CLANG_ANALYZER_NONNULL = YES;
				CLANG_ANALYZER_NUMBER_OBJECT_CONVERSION = YES_AGGRESSIVE;
				CLANG_CXX_LANGUAGE_STANDARD = "gnu++0x";
				CLANG_CXX_LIBRARY = "libc++";
				CLANG_ENABLE_MODULES = YES;
				CLANG_ENABLE_OBJC_ARC = YES;
				CLANG_WARN_BOOL_CONVERSION = YES;
				CLANG_WARN_CONSTANT_CONVERSION = YES;
				CLANG_WARN_DIRECT_OBJC_ISA_USAGE = YES_ERROR;
				CLANG_WARN_DOCUMENTATION_COMMENTS = YES;
				CLANG_WARN_EMPTY_BODY = YES;
				CLANG_WARN_ENUM_CONVERSION = YES;
				CLANG_WARN_INFINITE_RECURSION = YES;
				CLANG_WARN_INT_CONVERSION = YES;
				CLANG_WARN_OBJC_ROOT_CLASS = YES_ERROR;
				CLANG_WARN_SUSPICIOUS_MOVE = YES;
				CLANG_WARN_UNREACHABLE_CODE = YES;
				CLANG_WARN__DUPLICATE_METHOD_MATCH = YES;
				"CODE_SIGN_IDENTITY[sdk=iphoneos*]" = "iPhone Developer";
				COPY_PHASE_STRIP = NO;
				DEBUG_INFORMATION_FORMAT = dwarf;
				ENABLE_STRICT_OBJC_MSGSEND = YES;
				ENABLE_TESTABILITY = YES;
				GCC_C_LANGUAGE_STANDARD = gnu99;
				GCC_DYNAMIC_NO_PIC = NO;
				GCC_NO_COMMON_BLOCKS = YES;
				GCC_OPTIMIZATION_LEVEL = 0;
				GCC_PREPROCESSOR_DEFINITIONS = (
					"DEBUG=1",
					"$(inherited)",
				);
				GCC_WARN_64_TO_32_BIT_CONVERSION = YES;
				GCC_WARN_ABOUT_RETURN_TYPE = YES_ERROR;
				GCC_WARN_UNDECLARED_SELECTOR = YES;
				GCC_WARN_UNINITIALIZED_AUTOS = YES_AGGRESSIVE;
				GCC_WARN_UNUSED_FUNCTION = YES;
				GCC_WARN_UNUSED_VARIABLE = YES;
				IPHONEOS_DEPLOYMENT_TARGET = 10.3;
				MTL_ENABLE_DEBUG_INFO = YES;
				ONLY_ACTIVE_ARCH = YES;
				SDKROOT = iphoneos;
				TARGETED_DEVICE_FAMILY = "1,2";
			};
			name = Debug;
		};
		18909B251F024B6800829437 /* Release */ = {
			isa = XCBuildConfiguration;
			buildSettings = {
				ALWAYS_SEARCH_USER_PATHS = NO;
				CLANG_ANALYZER_NONNULL = YES;
				CLANG_ANALYZER_NUMBER_OBJECT_CONVERSION = YES_AGGRESSIVE;
				CLANG_CXX_LANGUAGE_STANDARD = "gnu++0x";
				CLANG_CXX_LIBRARY = "libc++";
				CLANG_ENABLE_MODULES = YES;
				CLANG_ENABLE_OBJC_ARC = YES;
				CLANG_WARN_BOOL_CONVERSION = YES;
				CLANG_WARN_CONSTANT_CONVERSION = YES;
				CLANG_WARN_DIRECT_OBJC_ISA_USAGE = YES_ERROR;
				CLANG_WARN_DOCUMENTATION_COMMENTS = YES;
				CLANG_WARN_EMPTY_BODY = YES;
				CLANG_WARN_ENUM_CONVERSION = YES;
				CLANG_WARN_INFINITE_RECURSION = YES;
				CLANG_WARN_INT_CONVERSION = YES;
				CLANG_WARN_OBJC_ROOT_CLASS = YES_ERROR;
				CLANG_WARN_SUSPICIOUS_MOVE = YES;
				CLANG_WARN_UNREACHABLE_CODE = YES;
				CLANG_WARN__DUPLICATE_METHOD_MATCH = YES;
				"CODE_SIGN_IDENTITY[sdk=iphoneos*]" = "iPhone Developer";
				COPY_PHASE_STRIP = NO;
				DEBUG_INFORMATION_FORMAT = "dwarf-with-dsym";
				ENABLE_NS_ASSERTIONS = NO;
				ENABLE_STRICT_OBJC_MSGSEND = YES;
				GCC_C_LANGUAGE_STANDARD = gnu99;
				GCC_NO_COMMON_BLOCKS = YES;
				GCC_WARN_64_TO_32_BIT_CONVERSION = YES;
				GCC_WARN_ABOUT_RETURN_TYPE = YES_ERROR;
				GCC_WARN_UNDECLARED_SELECTOR = YES;
				GCC_WARN_UNINITIALIZED_AUTOS = YES_AGGRESSIVE;
				GCC_WARN_UNUSED_FUNCTION = YES;
				GCC_WARN_UNUSED_VARIABLE = YES;
				IPHONEOS_DEPLOYMENT_TARGET = 10.3;
				MTL_ENABLE_DEBUG_INFO = NO;
				SDKROOT = iphoneos;
				TARGETED_DEVICE_FAMILY = "1,2";
				VALIDATE_PRODUCT = YES;
			};
			name = Release;
		};
		18909B271F024B6800829437 /* Debug */ = {
			isa = XCBuildConfiguration;
			buildSettings = {
				ASSETCATALOG_COMPILER_APPICON_NAME = AppIcon;
				DEVELOPMENT_TEAM = MXDYQ6NL8N;
				INFOPLIST_FILE = UnderlineBtnDemo/Info.plist;
				LD_RUNPATH_SEARCH_PATHS = "$(inherited) @executable_path/Frameworks";
				PRODUCT_BUNDLE_IDENTIFIER = com.166.UnderlineBtnDemo.UnderlineBtnDemo;
				PRODUCT_NAME = "$(TARGET_NAME)";
			};
			name = Debug;
		};
		18909B281F024B6800829437 /* Release */ = {
			isa = XCBuildConfiguration;
			buildSettings = {
				ASSETCATALOG_COMPILER_APPICON_NAME = AppIcon;
				DEVELOPMENT_TEAM = MXDYQ6NL8N;
				INFOPLIST_FILE = UnderlineBtnDemo/Info.plist;
				LD_RUNPATH_SEARCH_PATHS = "$(inherited) @executable_path/Frameworks";
				PRODUCT_BUNDLE_IDENTIFIER = com.166.UnderlineBtnDemo.UnderlineBtnDemo;
				PRODUCT_NAME = "$(TARGET_NAME)";
			};
			name = Release;
		};
		18909B2A1F024B6800829437 /* Debug */ = {
			isa = XCBuildConfiguration;
			buildSettings = {
				BUNDLE_LOADER = "$(TEST_HOST)";
				DEVELOPMENT_TEAM = MXDYQ6NL8N;
				INFOPLIST_FILE = UnderlineBtnDemoTests/Info.plist;
				LD_RUNPATH_SEARCH_PATHS = "$(inherited) @executable_path/Frameworks @loader_path/Frameworks";
				PRODUCT_BUNDLE_IDENTIFIER = com.166.UnderlineBtnDemo.UnderlineBtnDemoTests;
				PRODUCT_NAME = "$(TARGET_NAME)";
				TEST_HOST = "$(BUILT_PRODUCTS_DIR)/UnderlineBtnDemo.app/UnderlineBtnDemo";
			};
			name = Debug;
		};
		18909B2B1F024B6800829437 /* Release */ = {
			isa = XCBuildConfiguration;
			buildSettings = {
				BUNDLE_LOADER = "$(TEST_HOST)";
				DEVELOPMENT_TEAM = MXDYQ6NL8N;
				INFOPLIST_FILE = UnderlineBtnDemoTests/Info.plist;
				LD_RUNPATH_SEARCH_PATHS = "$(inherited) @executable_path/Frameworks @loader_path/Frameworks";
				PRODUCT_BUNDLE_IDENTIFIER = com.166.UnderlineBtnDemo.UnderlineBtnDemoTests;
				PRODUCT_NAME = "$(TARGET_NAME)";
				TEST_HOST = "$(BUILT_PRODUCTS_DIR)/UnderlineBtnDemo.app/UnderlineBtnDemo";
			};
			name = Release;
		};
		18909B2D1F024B6800829437 /* Debug */ = {
			isa = XCBuildConfiguration;
			buildSettings = {
				DEVELOPMENT_TEAM = MXDYQ6NL8N;
				INFOPLIST_FILE = UnderlineBtnDemoUITests/Info.plist;
				LD_RUNPATH_SEARCH_PATHS = "$(inherited) @executable_path/Frameworks @loader_path/Frameworks";
				PRODUCT_BUNDLE_IDENTIFIER = com.166.UnderlineBtnDemo.UnderlineBtnDemoUITests;
				PRODUCT_NAME = "$(TARGET_NAME)";
				TEST_TARGET_NAME = UnderlineBtnDemo;
			};
			name = Debug;
		};
		18909B2E1F024B6800829437 /* Release */ = {
			isa = XCBuildConfiguration;
			buildSettings = {
				DEVELOPMENT_TEAM = MXDYQ6NL8N;
				INFOPLIST_FILE = UnderlineBtnDemoUITests/Info.plist;
				LD_RUNPATH_SEARCH_PATHS = "$(inherited) @executable_path/Frameworks @loader_path/Frameworks";
				PRODUCT_BUNDLE_IDENTIFIER = com.166.UnderlineBtnDemo.UnderlineBtnDemoUITests;
				PRODUCT_NAME = "$(TARGET_NAME)";
				TEST_TARGET_NAME = UnderlineBtnDemo;
			};
			name = Release;
		};
/* End XCBuildConfiguration section */

/* Begin XCConfigurationList section */
		18909AF41F024B6800829437 /* Build configuration list for PBXProject "UnderlineBtnDemo" */ = {
			isa = XCConfigurationList;
			buildConfigurations = (
				18909B241F024B6800829437 /* Debug */,
				18909B251F024B6800829437 /* Release */,
			);
			defaultConfigurationIsVisible = 0;
			defaultConfigurationName = Release;
		};
		18909B261F024B6800829437 /* Build configuration list for PBXNativeTarget "UnderlineBtnDemo" */ = {
			isa = XCConfigurationList;
			buildConfigurations = (
				18909B271F024B6800829437 /* Debug */,
				18909B281F024B6800829437 /* Release */,
			);
			defaultConfigurationIsVisible = 0;
		};
		18909B291F024B6800829437 /* Build configuration list for PBXNativeTarget "UnderlineBtnDemoTests" */ = {
			isa = XCConfigurationList;
			buildConfigurations = (
				18909B2A1F024B6800829437 /* Debug */,
				18909B2B1F024B6800829437 /* Release */,
			);
			defaultConfigurationIsVisible = 0;
		};
		18909B2C1F024B6800829437 /* Build configuration list for PBXNativeTarget "UnderlineBtnDemoUITests" */ = {
			isa = XCConfigurationList;
			buildConfigurations = (
				18909B2D1F024B6800829437 /* Debug */,
				18909B2E1F024B6800829437 /* Release */,
			);
			defaultConfigurationIsVisible = 0;
		};
/* End XCConfigurationList section */
	};
	rootObject = 18909AF11F024B6800829437 /* Project object */;
}
